
Microsoft Visual Studio Solution File, Format Version 12.00
# Visual Studio 15
VisualStudioVersion = 15.0.27703.2000
MinimumVisualStudioVersion = 10.0.40219.1
Project("{FAE04EC0-301F-11D3-BF4B-00C04F79EFBC}") = "RegistroArticulosP", "RegistroArticulosP\RegistroArticulosP.csproj", "{81F37FE3-3FEB-477D-9A51-548D67D1FDF7}"
EndProject
Project("{FAE04EC0-301F-11D3-BF4B-00C04F79EFBC}") = "RegistroArticulosPTests", "RegistroArticulosPTests\RegistroArticulosPTests.csproj", "{59F08ED6-EDA4-44FD-97CF-10DC974D4DEC}"
EndProject
Global
	GlobalSection(SolutionConfigurationPlatforms) = preSolution
		Debug|Any CPU = Debug|Any CPU
		Release|Any CPU = Release|Any CPU
	EndGlobalSection
	GlobalSection(ProjectConfigurationPlatforms) = postSolution
		{81F37FE3-3FEB-477D-9A51-548D67D1FDF7}.Debug|Any CPU.ActiveCfg = Debug|Any CPU
		{81F37FE3-3FEB-477D-9A51-548D67D1FDF7}.Debug|Any CPU.Build.0 = Debug|Any CPU
		{81F37FE3-3FEB-477D-9A51-548D67D1FDF7}.Release|Any CPU.ActiveCfg = Release|Any CPU
		{81F37FE3-3FEB-477D-9A51-548D67D1FDF7}.Release|Any CPU.Build.0 = Release|Any CPU
		{59F08ED6-EDA4-44FD-97CF-10DC974D4DEC}.Debug|Any CPU.ActiveCfg = Debug|Any CPU
		{59F08ED6-EDA4-44FD-97CF-10DC974D4DEC}.Debug|Any CPU.Build.0 = Debug|Any CPU
		{59F08ED6-EDA4-44FD-97CF-10DC974D4DEC}.Release|Any CPU.ActiveCfg = Release|Any CPU
		{59F08ED6-EDA4-44FD-97CF-10DC974D4DEC}.Release|Any CPU.Build.0 = Release|Any CPU
	EndGlobalSection
	GlobalSection(SolutionProperties) = preSolution
		HideSolutionNode = FALSE
	EndGlobalSection
	GlobalSection(ExtensibilityGlobals) = postSolution
		SolutionGuid = {7A67797F-8B4B-46F6-A19D-1F24B05A51EE}
	EndGlobalSection
EndGlobal
